schema: '2.0'
stages:
  test_iris:
    cmd: python -m analysis.test_iris.test_iris
    deps:
    - path: analysis/test_iris/test_iris.py
      hash: md5
      md5: 4e3e03bb71550e343fdd08387898a165
      size: 730
    - path: data/raw/test_iris/
      hash: md5
      md5: f1bcbd83c42364ff418ef91e16599e52.dir
      size: 4664
      nfiles: 3
    outs:
    - path: data/release/test_iris/
      hash: md5
      md5: 673f085bdac5247a761168dd0ccf0e6a.dir
      size: 44
      nfiles: 1
