schema: '2.0'
stages:
  test_iris:
    cmd: python -m analysis.test_iris.test_iris
    deps:
    - path: analysis/test_iris/test_iris.py
      hash: md5
      md5: a1987a003affb57f41c581c967219d02
      size: 657
    - path: data/raw/test_iris/
      hash: md5
      md5: f1bcbd83c42364ff418ef91e16599e52.dir
      size: 4664
      nfiles: 3
    outs:
    - path: data/release/test_iris/
      hash: md5
      md5: 76a72066e326cb8df46900ee56194625.dir
      size: 39
      nfiles: 1
